# This file is automatically @generated by Cargo.
# It is not intended for manual editing.
version = 4

[[package]]
name = "cli"
version = "0.1.0"
dependencies = [
 "config",
 "db",
 "embedding",
 "graph",
 "mcp",
 "search",
]

[[package]]
name = "config"
version = "0.1.0"

[[package]]
name = "db"
version = "0.1.0"

[[package]]
name = "embedding"
version = "0.1.0"
dependencies = [
 "config",
]

[[package]]
name = "graph"
version = "0.1.0"
dependencies = [
 "config",
]

[[package]]
name = "ingestion"
version = "0.1.0"
dependencies = [
 "config",
 "db",
 "embedding",
 "graph",
]

[[package]]
name = "mcp"
version = "0.1.0"
dependencies = [
 "config",
 "db",
 "graph",
 "search",
]

[[package]]
name = "search"
version = "0.1.0"
dependencies = [
 "config",
 "embedding",
 "graph",
 "vectors",
]

[[package]]
name = "vectors"
version = "0.1.0"
